
Microsoft Visual Studio Solution File, Format Version 12.00
# Visual Studio Version 17
VisualStudioVersion = 17.6.33829.357
MinimumVisualStudioVersion = 10.0.40219.1
Project("{FAE04EC0-301F-11D3-BF4B-00C04F79EFBC}") = "LeaveManagement.Web", "LeaveManagement.Web\LeaveManagement.Web.csproj", "{5442DC10-C461-4B71-87A2-3BA563292CB0}"
EndProject
Global
	GlobalSection(SolutionConfigurationPlatforms) = preSolution
		Debug|Any CPU = Debug|Any CPU
		Release|Any CPU = Release|Any CPU
	EndGlobalSection
	GlobalSection(ProjectConfigurationPlatforms) = postSolution
		{5442DC10-C461-4B71-87A2-3BA563292CB0}.Debug|Any CPU.ActiveCfg = Debug|Any CPU
		{5442DC10-C461-4B71-87A2-3BA563292CB0}.Debug|Any CPU.Build.0 = Debug|Any CPU
		{5442DC10-C461-4B71-87A2-3BA563292CB0}.Release|Any CPU.ActiveCfg = Release|Any CPU
		{5442DC10-C461-4B71-87A2-3BA563292CB0}.Release|Any CPU.Build.0 = Release|Any CPU
	EndGlobalSection
	GlobalSection(SolutionProperties) = preSolution
		HideSolutionNode = FALSE
	EndGlobalSection
	GlobalSection(ExtensibilityGlobals) = postSolution
		SolutionGuid = {26FD495B-2BF0-4511-AE12-D0FCE0B52D67}
	EndGlobalSection
EndGlobal
